// !$*UTF8*$!
{
	archiveVersion = 1;
	classes = {
	};
	objectVersion = 46;
	objects = {

/* Begin PBXBuildFile section */
		1DF0CC89A961AA9C48A0F420 /* CoreText.framework in Frameworks */ = {isa = PBXBuildFile; fileRef = A36C08C1F5E62ACD5F4E5729 /* CoreText.framework */; };
		4FEDCC33E759805A7027D65E /* CoreVideo.framework in Frameworks */ = {isa = PBXBuildFile; fileRef = B76FC6B466B7BCDA17B31215 /* CoreVideo.framework */; };
		5749274C440C3B6D1B995809 /* QuartzCore.framework in Frameworks */ = {isa = PBXBuildFile; fileRef = DCF3220699FFEFF48EAD7BB7 /* QuartzCore.framework */; };
		607FACD61AFB9204008FA782 /* AppDelegate.swift in Sources */ = {isa = PBXBuildFile; fileRef = 607FACD51AFB9204008FA782 /* AppDelegate.swift */; };
		607FACDB1AFB9204008FA782 /* Main.storyboard in Resources */ = {isa = PBXBuildFile; fileRef = 607FACD91AFB9204008FA782 /* Main.storyboard */; };
		607FACDD1AFB9204008FA782 /* Images.xcassets in Resources */ = {isa = PBXBuildFile; fileRef = 607FACDC1AFB9204008FA782 /* Images.xcassets */; };
		607FACE01AFB9204008FA782 /* LaunchScreen.xib in Resources */ = {isa = PBXBuildFile; fileRef = 607FACDE1AFB9204008FA782 /* LaunchScreen.xib */; };
		607FACEC1AFB9204008FA782 /* Tests.swift in Sources */ = {isa = PBXBuildFile; fileRef = 607FACEB1AFB9204008FA782 /* Tests.swift */; };
		7E387A501F599F7F00500813 /* Constants.swift in Sources */ = {isa = PBXBuildFile; fileRef = 7E962F431F56CFA1007F8D82 /* Constants.swift */; };
		7E82C56C1F5E9E680031B8E0 /* AllContry.swift in Sources */ = {isa = PBXBuildFile; fileRef = 7E82C56B1F5E9E680031B8E0 /* AllContry.swift */; };
		7E82C56E1F5E9EA70031B8E0 /* Result.swift in Sources */ = {isa = PBXBuildFile; fileRef = 7E82C56D1F5E9EA70031B8E0 /* Result.swift */; };
		7E82C5761F5EB6010031B8E0 /* APIDemoController.swift in Sources */ = {isa = PBXBuildFile; fileRef = 7E82C5751F5EB6010031B8E0 /* APIDemoController.swift */; };
		7E82C5781F5EB6120031B8E0 /* APIDemoView.swift in Sources */ = {isa = PBXBuildFile; fileRef = 7E82C5771F5EB6120031B8E0 /* APIDemoView.swift */; };
		7E82C57A1F5EB6450031B8E0 /* BaseControlsDemoController.swift in Sources */ = {isa = PBXBuildFile; fileRef = 7E82C5791F5EB6450031B8E0 /* BaseControlsDemoController.swift */; };
		7E82C57C1F5EB6530031B8E0 /* BaseControlsDemoView.swift in Sources */ = {isa = PBXBuildFile; fileRef = 7E82C57B1F5EB6530031B8E0 /* BaseControlsDemoView.swift */; };
		7E9130211F5FFEFC00FCF438 /* SideMenuController.swift in Sources */ = {isa = PBXBuildFile; fileRef = 7E9130201F5FFEFC00FCF438 /* SideMenuController.swift */; };
		7E9130231F5FFF0700FCF438 /* SideMenuView.swift in Sources */ = {isa = PBXBuildFile; fileRef = 7E9130221F5FFF0700FCF438 /* SideMenuView.swift */; };
		7E9130251F5FFF1000FCF438 /* LeftMenuCell.swift in Sources */ = {isa = PBXBuildFile; fileRef = 7E9130241F5FFF1000FCF438 /* LeftMenuCell.swift */; };
		7E9130291F6003F300FCF438 /* Menu.plist in Resources */ = {isa = PBXBuildFile; fileRef = 7E9130281F6003F300FCF438 /* Menu.plist */; };
		7E962F1F1F56C5F7007F8D82 /* ListController.swift in Sources */ = {isa = PBXBuildFile; fileRef = 7E962F1E1F56C5F7007F8D82 /* ListController.swift */; };
		7E962F211F56C607007F8D82 /* ListView.swift in Sources */ = {isa = PBXBuildFile; fileRef = 7E962F201F56C607007F8D82 /* ListView.swift */; };
		7E962F441F56CFA1007F8D82 /* Constants.swift in Sources */ = {isa = PBXBuildFile; fileRef = 7E962F431F56CFA1007F8D82 /* Constants.swift */; };
		82AA8A00C8F5197170AFE5DE /* AVFoundation.framework in Frameworks */ = {isa = PBXBuildFile; fileRef = 80A859A2FFA3BB430AB074B4 /* AVFoundation.framework */; };
		96A099F3A31C327EF1A51C05 /* BuddyBuildSDK.framework in Frameworks */ = {isa = PBXBuildFile; fileRef = C1C4C987C99326C3E5D8A0D1 /* BuddyBuildSDK.framework */; };
		A01FF32CAF9EABBFE6F1D1D6 /* AssetsLibrary.framework in Frameworks */ = {isa = PBXBuildFile; fileRef = AD022CDE21F0A05509B857A3 /* AssetsLibrary.framework */; };
		AD8876B5921DB1D811584587 /* SystemConfiguration.framework in Frameworks */ = {isa = PBXBuildFile; fileRef = 51D3B0BC6D027466784B684B /* SystemConfiguration.framework */; };
		D0B7D737CEC6C9FCE519528C /* CoreMedia.framework in Frameworks */ = {isa = PBXBuildFile; fileRef = EEF8BD230C635C11BED7B51D /* CoreMedia.framework */; };
		F00782C12DCB40CE5AD34069 /* Pods_SwiftyBase_Example.framework in Frameworks */ = {isa = PBXBuildFile; fileRef = DD02102CD6E92101E69AE9D4 /* Pods_SwiftyBase_Example.framework */; };
		F270544515935304A8EFB94E /* Pods_SwiftyBase_Tests.framework in Frameworks */ = {isa = PBXBuildFile; fileRef = 99709215DA490B3471B192F8 /* Pods_SwiftyBase_Tests.framework */; };
		FC39ECC586539BF49E96BDDE /* CoreTelephony.framework in Frameworks */ = {isa = PBXBuildFile; fileRef = E17024FB6B5AF10BF831E7DF /* CoreTelephony.framework */; };
/* End PBXBuildFile section */

/* Begin PBXContainerItemProxy section */
		607FACE61AFB9204008FA782 /* PBXContainerItemProxy */ = {
			isa = PBXContainerItemProxy;
			containerPortal = 607FACC81AFB9204008FA782 /* Project object */;
			proxyType = 1;
			remoteGlobalIDString = 607FACCF1AFB9204008FA782;
			remoteInfo = SwiftyBase;
		};
/* End PBXContainerItemProxy section */

/* Begin PBXFileReference section */
		113CA744FA3D253110F1FADB /* Pods-SwiftyBase_Example.debug.xcconfig */ = {isa = PBXFileReference; includeInIndex = 1; lastKnownFileType = text.xcconfig; name = "Pods-SwiftyBase_Example.debug.xcconfig"; path = "Pods/Target Support Files/Pods-SwiftyBase_Example/Pods-SwiftyBase_Example.debug.xcconfig"; sourceTree = "<group>"; };
		164CC79B4DB1FB49A767C6F0 /* README.md */ = {isa = PBXFileReference; includeInIndex = 1; lastKnownFileType = net.daringfireball.markdown; name = README.md; path = ../README.md; sourceTree = "<group>"; };
		1FF6DB37AC87FFC2B4CA04DA /* SwiftyBase.podspec */ = {isa = PBXFileReference; includeInIndex = 1; lastKnownFileType = text; name = SwiftyBase.podspec; path = ../SwiftyBase.podspec; sourceTree = "<group>"; };
		392634DB980F2221D76833D8 /* Pods-SwiftyBase_Example.release.xcconfig */ = {isa = PBXFileReference; includeInIndex = 1; lastKnownFileType = text.xcconfig; name = "Pods-SwiftyBase_Example.release.xcconfig"; path = "Pods/Target Support Files/Pods-SwiftyBase_Example/Pods-SwiftyBase_Example.release.xcconfig"; sourceTree = "<group>"; };
		51D3B0BC6D027466784B684B /* SystemConfiguration.framework */ = {isa = PBXFileReference; lastKnownFileType = wrapper.framework; name = SystemConfiguration.framework; path = System/Library/Frameworks/SystemConfiguration.framework; sourceTree = SDKROOT; };
		607FACD01AFB9204008FA782 /* SwiftyBase_Example.app */ = {isa = PBXFileReference; explicitFileType = wrapper.application; includeInIndex = 0; path = SwiftyBase_Example.app; sourceTree = BUILT_PRODUCTS_DIR; };
		607FACD41AFB9204008FA782 /* Info.plist */ = {isa = PBXFileReference; lastKnownFileType = text.plist.xml; path = Info.plist; sourceTree = "<group>"; };
		607FACD51AFB9204008FA782 /* AppDelegate.swift */ = {isa = PBXFileReference; lastKnownFileType = sourcecode.swift; path = AppDelegate.swift; sourceTree = "<group>"; };
		607FACDA1AFB9204008FA782 /* Base */ = {isa = PBXFileReference; lastKnownFileType = file.storyboard; name = Base; path = Base.lproj/Main.storyboard; sourceTree = "<group>"; };
		607FACDC1AFB9204008FA782 /* Images.xcassets */ = {isa = PBXFileReference; lastKnownFileType = folder.assetcatalog; path = Images.xcassets; sourceTree = "<group>"; };
		607FACDF1AFB9204008FA782 /* Base */ = {isa = PBXFileReference; lastKnownFileType = file.xib; name = Base; path = Base.lproj/LaunchScreen.xib; sourceTree = "<group>"; };
		607FACE51AFB9204008FA782 /* SwiftyBase_Tests.xctest */ = {isa = PBXFileReference; explicitFileType = wrapper.cfbundle; includeInIndex = 0; path = SwiftyBase_Tests.xctest; sourceTree = BUILT_PRODUCTS_DIR; };
		607FACEA1AFB9204008FA782 /* Info.plist */ = {isa = PBXFileReference; lastKnownFileType = text.plist.xml; path = Info.plist; sourceTree = "<group>"; };
		607FACEB1AFB9204008FA782 /* Tests.swift */ = {isa = PBXFileReference; lastKnownFileType = sourcecode.swift; path = Tests.swift; sourceTree = "<group>"; };
		7431382FB02A341941296E40 /* Pods-SwiftyBase_Tests.release.xcconfig */ = {isa = PBXFileReference; includeInIndex = 1; lastKnownFileType = text.xcconfig; name = "Pods-SwiftyBase_Tests.release.xcconfig"; path = "Pods/Target Support Files/Pods-SwiftyBase_Tests/Pods-SwiftyBase_Tests.release.xcconfig"; sourceTree = "<group>"; };
		7E82C56B1F5E9E680031B8E0 /* AllContry.swift */ = {isa = PBXFileReference; fileEncoding = 4; lastKnownFileType = sourcecode.swift; path = AllContry.swift; sourceTree = "<group>"; };
		7E82C56D1F5E9EA70031B8E0 /* Result.swift */ = {isa = PBXFileReference; fileEncoding = 4; lastKnownFileType = sourcecode.swift; path = Result.swift; sourceTree = "<group>"; };
		7E82C5751F5EB6010031B8E0 /* APIDemoController.swift */ = {isa = PBXFileReference; fileEncoding = 4; lastKnownFileType = sourcecode.swift; path = APIDemoController.swift; sourceTree = "<group>"; };
		7E82C5771F5EB6120031B8E0 /* APIDemoView.swift */ = {isa = PBXFileReference; fileEncoding = 4; lastKnownFileType = sourcecode.swift; path = APIDemoView.swift; sourceTree = "<group>"; };
		7E82C5791F5EB6450031B8E0 /* BaseControlsDemoController.swift */ = {isa = PBXFileReference; fileEncoding = 4; lastKnownFileType = sourcecode.swift; path = BaseControlsDemoController.swift; sourceTree = "<group>"; };
		7E82C57B1F5EB6530031B8E0 /* BaseControlsDemoView.swift */ = {isa = PBXFileReference; fileEncoding = 4; lastKnownFileType = sourcecode.swift; path = BaseControlsDemoView.swift; sourceTree = "<group>"; };
		7E9130201F5FFEFC00FCF438 /* SideMenuController.swift */ = {isa = PBXFileReference; fileEncoding = 4; lastKnownFileType = sourcecode.swift; path = SideMenuController.swift; sourceTree = "<group>"; };
		7E9130221F5FFF0700FCF438 /* SideMenuView.swift */ = {isa = PBXFileReference; fileEncoding = 4; lastKnownFileType = sourcecode.swift; path = SideMenuView.swift; sourceTree = "<group>"; };
		7E9130241F5FFF1000FCF438 /* LeftMenuCell.swift */ = {isa = PBXFileReference; fileEncoding = 4; lastKnownFileType = sourcecode.swift; path = LeftMenuCell.swift; sourceTree = "<group>"; };
		7E9130281F6003F300FCF438 /* Menu.plist */ = {isa = PBXFileReference; fileEncoding = 4; lastKnownFileType = text.plist.xml; path = Menu.plist; sourceTree = "<group>"; };
		7E962F1E1F56C5F7007F8D82 /* ListController.swift */ = {isa = PBXFileReference; fileEncoding = 4; lastKnownFileType = sourcecode.swift; path = ListController.swift; sourceTree = "<group>"; };
		7E962F201F56C607007F8D82 /* ListView.swift */ = {isa = PBXFileReference; fileEncoding = 4; lastKnownFileType = sourcecode.swift; path = ListView.swift; sourceTree = "<group>"; };
		7E962F431F56CFA1007F8D82 /* Constants.swift */ = {isa = PBXFileReference; fileEncoding = 4; lastKnownFileType = sourcecode.swift; path = Constants.swift; sourceTree = "<group>"; };
		80A859A2FFA3BB430AB074B4 /* AVFoundation.framework */ = {isa = PBXFileReference; lastKnownFileType = wrapper.framework; name = AVFoundation.framework; path = System/Library/Frameworks/AVFoundation.framework; sourceTree = SDKROOT; };
		973E5198C101E605490AAB32 /* Pods-SwiftyBase_Tests.debug.xcconfig */ = {isa = PBXFileReference; includeInIndex = 1; lastKnownFileType = text.xcconfig; name = "Pods-SwiftyBase_Tests.debug.xcconfig"; path = "Pods/Target Support Files/Pods-SwiftyBase_Tests/Pods-SwiftyBase_Tests.debug.xcconfig"; sourceTree = "<group>"; };
		99709215DA490B3471B192F8 /* Pods_SwiftyBase_Tests.framework */ = {isa = PBXFileReference; explicitFileType = wrapper.framework; includeInIndex = 0; path = Pods_SwiftyBase_Tests.framework; sourceTree = BUILT_PRODUCTS_DIR; };
		A36C08C1F5E62ACD5F4E5729 /* CoreText.framework */ = {isa = PBXFileReference; lastKnownFileType = wrapper.framework; name = CoreText.framework; path = System/Library/Frameworks/CoreText.framework; sourceTree = SDKROOT; };
		AD022CDE21F0A05509B857A3 /* AssetsLibrary.framework */ = {isa = PBXFileReference; lastKnownFileType = wrapper.framework; name = AssetsLibrary.framework; path = System/Library/Frameworks/AssetsLibrary.framework; sourceTree = SDKROOT; };
		B76FC6B466B7BCDA17B31215 /* CoreVideo.framework */ = {isa = PBXFileReference; lastKnownFileType = wrapper.framework; name = CoreVideo.framework; path = System/Library/Frameworks/CoreVideo.framework; sourceTree = SDKROOT; };
		C1707C896B5FCB472FCB2708 /* Bridging-Header.h */ = {isa = PBXFileReference; includeInIndex = 1; lastKnownFileType = sourcecode.c.h; path = "Bridging-Header.h"; sourceTree = "<group>"; };
		C1C4C987C99326C3E5D8A0D1 /* BuddyBuildSDK.framework */ = {isa = PBXFileReference; lastKnownFileType = wrapper.framework; path = BuddyBuildSDK.framework; sourceTree = "<group>"; };
		CC17ED9DFE2B8B5D4B77BAC7 /* LICENSE */ = {isa = PBXFileReference; includeInIndex = 1; lastKnownFileType = text; name = LICENSE; path = ../LICENSE; sourceTree = "<group>"; };
		DCF3220699FFEFF48EAD7BB7 /* QuartzCore.framework */ = {isa = PBXFileReference; lastKnownFileType = wrapper.framework; name = QuartzCore.framework; path = System/Library/Frameworks/QuartzCore.framework; sourceTree = SDKROOT; };
		DD02102CD6E92101E69AE9D4 /* Pods_SwiftyBase_Example.framework */ = {isa = PBXFileReference; explicitFileType = wrapper.framework; includeInIndex = 0; path = Pods_SwiftyBase_Example.framework; sourceTree = BUILT_PRODUCTS_DIR; };
		E17024FB6B5AF10BF831E7DF /* CoreTelephony.framework */ = {isa = PBXFileReference; lastKnownFileType = wrapper.framework; name = CoreTelephony.framework; path = System/Library/Frameworks/CoreTelephony.framework; sourceTree = SDKROOT; };
		EEF8BD230C635C11BED7B51D /* CoreMedia.framework */ = {isa = PBXFileReference; lastKnownFileType = wrapper.framework; name = CoreMedia.framework; path = System/Library/Frameworks/CoreMedia.framework; sourceTree = SDKROOT; };
/* End PBXFileReference section */

/* Begin PBXFrameworksBuildPhase section */
		607FACCD1AFB9204008FA782 /* Frameworks */ = {
			isa = PBXFrameworksBuildPhase;
			buildActionMask = 2147483647;
			files = (
				F00782C12DCB40CE5AD34069 /* Pods_SwiftyBase_Example.framework in Frameworks */,
				96A099F3A31C327EF1A51C05 /* BuddyBuildSDK.framework in Frameworks */,
				A01FF32CAF9EABBFE6F1D1D6 /* AssetsLibrary.framework in Frameworks */,
				1DF0CC89A961AA9C48A0F420 /* CoreText.framework in Frameworks */,
				FC39ECC586539BF49E96BDDE /* CoreTelephony.framework in Frameworks */,
				AD8876B5921DB1D811584587 /* SystemConfiguration.framework in Frameworks */,
				5749274C440C3B6D1B995809 /* QuartzCore.framework in Frameworks */,
				82AA8A00C8F5197170AFE5DE /* AVFoundation.framework in Frameworks */,
				D0B7D737CEC6C9FCE519528C /* CoreMedia.framework in Frameworks */,
				4FEDCC33E759805A7027D65E /* CoreVideo.framework in Frameworks */,
			);
			runOnlyForDeploymentPostprocessing = 0;
		};
		607FACE21AFB9204008FA782 /* Frameworks */ = {
			isa = PBXFrameworksBuildPhase;
			buildActionMask = 2147483647;
			files = (
				F270544515935304A8EFB94E /* Pods_SwiftyBase_Tests.framework in Frameworks */,
			);
			runOnlyForDeploymentPostprocessing = 0;
		};
/* End PBXFrameworksBuildPhase section */

/* Begin PBXGroup section */
		37C2DFF7BA4A6E6B7311D589 /* Frameworks */ = {
			isa = PBXGroup;
			children = (
				DD02102CD6E92101E69AE9D4 /* Pods_SwiftyBase_Example.framework */,
				99709215DA490B3471B192F8 /* Pods_SwiftyBase_Tests.framework */,
				C1C4C987C99326C3E5D8A0D1 /* BuddyBuildSDK.framework */,
				AD022CDE21F0A05509B857A3 /* AssetsLibrary.framework */,
				A36C08C1F5E62ACD5F4E5729 /* CoreText.framework */,
				E17024FB6B5AF10BF831E7DF /* CoreTelephony.framework */,
				51D3B0BC6D027466784B684B /* SystemConfiguration.framework */,
				DCF3220699FFEFF48EAD7BB7 /* QuartzCore.framework */,
				80A859A2FFA3BB430AB074B4 /* AVFoundation.framework */,
				EEF8BD230C635C11BED7B51D /* CoreMedia.framework */,
				B76FC6B466B7BCDA17B31215 /* CoreVideo.framework */,
			);
			name = Frameworks;
			sourceTree = "<group>";
		};
		607FACC71AFB9204008FA782 = {
			isa = PBXGroup;
			children = (
				607FACF51AFB993E008FA782 /* Podspec Metadata */,
				607FACD21AFB9204008FA782 /* Example for SwiftyBase */,
				607FACE81AFB9204008FA782 /* Tests */,
				607FACD11AFB9204008FA782 /* Products */,
				72315F7A2DF3A1A8269D2201 /* Pods */,
				37C2DFF7BA4A6E6B7311D589 /* Frameworks */,
				C1707C896B5FCB472FCB2708 /* Bridging-Header.h */,
			);
			sourceTree = "<group>";
		};
		607FACD11AFB9204008FA782 /* Products */ = {
			isa = PBXGroup;
			children = (
				607FACD01AFB9204008FA782 /* SwiftyBase_Example.app */,
				607FACE51AFB9204008FA782 /* SwiftyBase_Tests.xctest */,
			);
			name = Products;
			sourceTree = "<group>";
		};
		607FACD21AFB9204008FA782 /* Example for SwiftyBase */ = {
			isa = PBXGroup;
			children = (
				607FACD51AFB9204008FA782 /* AppDelegate.swift */,
				7E962F1C1F56C5BD007F8D82 /* Controller */,
				7E962F1D1F56C5BE007F8D82 /* Model */,
				7E962F431F56CFA1007F8D82 /* Constants.swift */,
				607FACD91AFB9204008FA782 /* Main.storyboard */,
				607FACDC1AFB9204008FA782 /* Images.xcassets */,
				607FACDE1AFB9204008FA782 /* LaunchScreen.xib */,
				607FACD31AFB9204008FA782 /* Supporting Files */,
				7E9130281F6003F300FCF438 /* Menu.plist */,
			);
			name = "Example for SwiftyBase";
			path = SwiftyBase;
			sourceTree = "<group>";
		};
		607FACD31AFB9204008FA782 /* Supporting Files */ = {
			isa = PBXGroup;
			children = (
				607FACD41AFB9204008FA782 /* Info.plist */,
			);
			name = "Supporting Files";
			sourceTree = "<group>";
		};
		607FACE81AFB9204008FA782 /* Tests */ = {
			isa = PBXGroup;
			children = (
				607FACEB1AFB9204008FA782 /* Tests.swift */,
				607FACE91AFB9204008FA782 /* Supporting Files */,
			);
			path = Tests;
			sourceTree = "<group>";
		};
		607FACE91AFB9204008FA782 /* Supporting Files */ = {
			isa = PBXGroup;
			children = (
				607FACEA1AFB9204008FA782 /* Info.plist */,
			);
			name = "Supporting Files";
			sourceTree = "<group>";
		};
		607FACF51AFB993E008FA782 /* Podspec Metadata */ = {
			isa = PBXGroup;
			children = (
				1FF6DB37AC87FFC2B4CA04DA /* SwiftyBase.podspec */,
				164CC79B4DB1FB49A767C6F0 /* README.md */,
				CC17ED9DFE2B8B5D4B77BAC7 /* LICENSE */,
			);
			name = "Podspec Metadata";
			sourceTree = "<group>";
		};
		72315F7A2DF3A1A8269D2201 /* Pods */ = {
			isa = PBXGroup;
			children = (
				113CA744FA3D253110F1FADB /* Pods-SwiftyBase_Example.debug.xcconfig */,
				392634DB980F2221D76833D8 /* Pods-SwiftyBase_Example.release.xcconfig */,
				973E5198C101E605490AAB32 /* Pods-SwiftyBase_Tests.debug.xcconfig */,
				7431382FB02A341941296E40 /* Pods-SwiftyBase_Tests.release.xcconfig */,
			);
			name = Pods;
			sourceTree = "<group>";
		};
		7E82C5731F5EB5BA0031B8E0 /* APIDemo */ = {
			isa = PBXGroup;
			children = (
				7E82C5751F5EB6010031B8E0 /* APIDemoController.swift */,
				7E82C5771F5EB6120031B8E0 /* APIDemoView.swift */,
			);
			path = APIDemo;
			sourceTree = "<group>";
		};
		7E82C5741F5EB5BA0031B8E0 /* ButtonDemo */ = {
			isa = PBXGroup;
			children = (
				7E82C5791F5EB6450031B8E0 /* BaseControlsDemoController.swift */,
				7E82C57B1F5EB6530031B8E0 /* BaseControlsDemoView.swift */,
			);
			path = ButtonDemo;
			sourceTree = "<group>";
		};
		7E91301F1F5FFEEF00FCF438 /* SideMenu */ = {
			isa = PBXGroup;
			children = (
				7E9130201F5FFEFC00FCF438 /* SideMenuController.swift */,
				7E9130221F5FFF0700FCF438 /* SideMenuView.swift */,
				7E9130241F5FFF1000FCF438 /* LeftMenuCell.swift */,
			);
			path = SideMenu;
			sourceTree = "<group>";
		};
		7E962F1C1F56C5BD007F8D82 /* Controller */ = {
			isa = PBXGroup;
			children = (
				7E91301F1F5FFEEF00FCF438 /* SideMenu */,
				7E82C5731F5EB5BA0031B8E0 /* APIDemo */,
				7E82C5741F5EB5BA0031B8E0 /* ButtonDemo */,
				7E962F1E1F56C5F7007F8D82 /* ListController.swift */,
				7E962F201F56C607007F8D82 /* ListView.swift */,
			);
			path = Controller;
			sourceTree = "<group>";
		};
		7E962F1D1F56C5BE007F8D82 /* Model */ = {
			isa = PBXGroup;
			children = (
				7E82C56B1F5E9E680031B8E0 /* AllContry.swift */,
				7E82C56D1F5E9EA70031B8E0 /* Result.swift */,
			);
			path = Model;
			sourceTree = "<group>";
		};
/* End PBXGroup section */

/* Begin PBXNativeTarget section */
		607FACCF1AFB9204008FA782 /* SwiftyBase_Example */ = {
			isa = PBXNativeTarget;
			buildConfigurationList = 607FACEF1AFB9204008FA782 /* Build configuration list for PBXNativeTarget "SwiftyBase_Example" */;
			buildPhases = (
				F04A368C9509E724949DDC5C /* [CP] Check Pods Manifest.lock */,
				607FACCC1AFB9204008FA782 /* Sources */,
				607FACCD1AFB9204008FA782 /* Frameworks */,
				607FACCE1AFB9204008FA782 /* Resources */,
				392F9F5032956B2030CB6E2E /* [CP] Embed Pods Frameworks */,
				58ACE9C1DD43B0CA3EA2F4F8 /* [CP] Copy Pods Resources */,
			);
			buildRules = (
			);
			dependencies = (
			);
			name = SwiftyBase_Example;
			productName = SwiftyBase;
			productReference = 607FACD01AFB9204008FA782 /* SwiftyBase_Example.app */;
			productType = "com.apple.product-type.application";
		};
		607FACE41AFB9204008FA782 /* SwiftyBase_Tests */ = {
			isa = PBXNativeTarget;
			buildConfigurationList = 607FACF21AFB9204008FA782 /* Build configuration list for PBXNativeTarget "SwiftyBase_Tests" */;
			buildPhases = (
				F35E830AAAC62AC43B34DC47 /* [CP] Check Pods Manifest.lock */,
				607FACE11AFB9204008FA782 /* Sources */,
				607FACE21AFB9204008FA782 /* Frameworks */,
				607FACE31AFB9204008FA782 /* Resources */,
				C5B3F29C44F50231A72C9706 /* [CP] Embed Pods Frameworks */,
				3823D3211F40FEEF429A3A12 /* [CP] Copy Pods Resources */,
			);
			buildRules = (
			);
			dependencies = (
				607FACE71AFB9204008FA782 /* PBXTargetDependency */,
			);
			name = SwiftyBase_Tests;
			productName = Tests;
			productReference = 607FACE51AFB9204008FA782 /* SwiftyBase_Tests.xctest */;
			productType = "com.apple.product-type.bundle.unit-test";
		};
/* End PBXNativeTarget section */

/* Begin PBXProject section */
		607FACC81AFB9204008FA782 /* Project object */ = {
			isa = PBXProject;
			attributes = {
				LastSwiftUpdateCheck = 0720;
				LastUpgradeCheck = 0820;
				ORGANIZATIONNAME = CocoaPods;
				TargetAttributes = {
					607FACCF1AFB9204008FA782 = {
						CreatedOnToolsVersion = 6.3.1;
						LastSwiftMigration = 0820;
					};
					607FACE41AFB9204008FA782 = {
						CreatedOnToolsVersion = 6.3.1;
						LastSwiftMigration = 0820;
						TestTargetID = 607FACCF1AFB9204008FA782;
					};
				};
			};
			buildConfigurationList = 607FACCB1AFB9204008FA782 /* Build configuration list for PBXProject "SwiftyBase" */;
			compatibilityVersion = "Xcode 3.2";
			developmentRegion = English;
			hasScannedForEncodings = 0;
			knownRegions = (
				en,
				Base,
			);
			mainGroup = 607FACC71AFB9204008FA782;
			productRefGroup = 607FACD11AFB9204008FA782 /* Products */;
			projectDirPath = "";
			projectRoot = "";
			targets = (
				607FACCF1AFB9204008FA782 /* SwiftyBase_Example */,
				607FACE41AFB9204008FA782 /* SwiftyBase_Tests */,
			);
		};
/* End PBXProject section */

/* Begin PBXResourcesBuildPhase section */
		607FACCE1AFB9204008FA782 /* Resources */ = {
			isa = PBXResourcesBuildPhase;
			buildActionMask = 2147483647;
			files = (
				607FACDB1AFB9204008FA782 /* Main.storyboard in Resources */,
				7E9130291F6003F300FCF438 /* Menu.plist in Resources */,
				607FACE01AFB9204008FA782 /* LaunchScreen.xib in Resources */,
				607FACDD1AFB9204008FA782 /* Images.xcassets in Resources */,
			);
			runOnlyForDeploymentPostprocessing = 0;
		};
		607FACE31AFB9204008FA782 /* Resources */ = {
			isa = PBXResourcesBuildPhase;
			buildActionMask = 2147483647;
			files = (
			);
			runOnlyForDeploymentPostprocessing = 0;
		};
/* End PBXResourcesBuildPhase section */

/* Begin PBXShellScriptBuildPhase section */
		3823D3211F40FEEF429A3A12 /* [CP] Copy Pods Resources */ = {
			isa = PBXShellScriptBuildPhase;
			buildActionMask = 2147483647;
			files = (
			);
			inputPaths = (
			);
			name = "[CP] Copy Pods Resources";
			outputPaths = (
			);
			runOnlyForDeploymentPostprocessing = 0;
			shellPath = /bin/sh;
			shellScript = "\"${SRCROOT}/Pods/Target Support Files/Pods-SwiftyBase_Tests/Pods-SwiftyBase_Tests-resources.sh\"\n";
			showEnvVarsInLog = 0;
		};
		392F9F5032956B2030CB6E2E /* [CP] Embed Pods Frameworks */ = {
			isa = PBXShellScriptBuildPhase;
			buildActionMask = 2147483647;
			files = (
			);
			inputPaths = (
			);
			name = "[CP] Embed Pods Frameworks";
			outputPaths = (
			);
			runOnlyForDeploymentPostprocessing = 0;
			shellPath = /bin/sh;
			shellScript = "\"${SRCROOT}/Pods/Target Support Files/Pods-SwiftyBase_Example/Pods-SwiftyBase_Example-frameworks.sh\"\n";
			showEnvVarsInLog = 0;
		};
		58ACE9C1DD43B0CA3EA2F4F8 /* [CP] Copy Pods Resources */ = {
			isa = PBXShellScriptBuildPhase;
			buildActionMask = 2147483647;
			files = (
			);
			inputPaths = (
			);
			name = "[CP] Copy Pods Resources";
			outputPaths = (
			);
			runOnlyForDeploymentPostprocessing = 0;
			shellPath = /bin/sh;
			shellScript = "\"${SRCROOT}/Pods/Target Support Files/Pods-SwiftyBase_Example/Pods-SwiftyBase_Example-resources.sh\"\n";
			showEnvVarsInLog = 0;
		};
		C5B3F29C44F50231A72C9706 /* [CP] Embed Pods Frameworks */ = {
			isa = PBXShellScriptBuildPhase;
			buildActionMask = 2147483647;
			files = (
			);
			inputPaths = (
			);
			name = "[CP] Embed Pods Frameworks";
			outputPaths = (
			);
			runOnlyForDeploymentPostprocessing = 0;
			shellPath = /bin/sh;
			shellScript = "\"${SRCROOT}/Pods/Target Support Files/Pods-SwiftyBase_Tests/Pods-SwiftyBase_Tests-frameworks.sh\"\n";
			showEnvVarsInLog = 0;
		};
		F04A368C9509E724949DDC5C /* [CP] Check Pods Manifest.lock */ = {
			isa = PBXShellScriptBuildPhase;
			buildActionMask = 2147483647;
			files = (
			);
			inputPaths = (
			);
			name = "[CP] Check Pods Manifest.lock";
			outputPaths = (
			);
			runOnlyForDeploymentPostprocessing = 0;
			shellPath = /bin/sh;
			shellScript = "diff \"${PODS_PODFILE_DIR_PATH}/Podfile.lock\" \"${PODS_ROOT}/Manifest.lock\" > /dev/null\nif [ $? != 0 ] ; then\n    # print error to STDERR\n    echo \"error: The sandbox is not in sync with the Podfile.lock. Run 'pod install' or update your CocoaPods installation.\" >&2\n    exit 1\nfi\n";
			showEnvVarsInLog = 0;
		};
		F35E830AAAC62AC43B34DC47 /* [CP] Check Pods Manifest.lock */ = {
			isa = PBXShellScriptBuildPhase;
			buildActionMask = 2147483647;
			files = (
			);
			inputPaths = (
			);
			name = "[CP] Check Pods Manifest.lock";
			outputPaths = (
			);
			runOnlyForDeploymentPostprocessing = 0;
			shellPath = /bin/sh;
			shellScript = "diff \"${PODS_PODFILE_DIR_PATH}/Podfile.lock\" \"${PODS_ROOT}/Manifest.lock\" > /dev/null\nif [ $? != 0 ] ; then\n    # print error to STDERR\n    echo \"error: The sandbox is not in sync with the Podfile.lock. Run 'pod install' or update your CocoaPods installation.\" >&2\n    exit 1\nfi\n";
			showEnvVarsInLog = 0;
		};
/* End PBXShellScriptBuildPhase section */

/* Begin PBXSourcesBuildPhase section */
		607FACCC1AFB9204008FA782 /* Sources */ = {
			isa = PBXSourcesBuildPhase;
			buildActionMask = 2147483647;
			files = (
				7E82C56E1F5E9EA70031B8E0 /* Result.swift in Sources */,
				7E9130251F5FFF1000FCF438 /* LeftMenuCell.swift in Sources */,
				7E9130211F5FFEFC00FCF438 /* SideMenuController.swift in Sources */,
				7E82C5761F5EB6010031B8E0 /* APIDemoController.swift in Sources */,
				607FACD61AFB9204008FA782 /* AppDelegate.swift in Sources */,
				7E82C57C1F5EB6530031B8E0 /* BaseControlsDemoView.swift in Sources */,
				7E82C56C1F5E9E680031B8E0 /* AllContry.swift in Sources */,
				7E9130231F5FFF0700FCF438 /* SideMenuView.swift in Sources */,
				7E962F1F1F56C5F7007F8D82 /* ListController.swift in Sources */,
				7E82C57A1F5EB6450031B8E0 /* BaseControlsDemoController.swift in Sources */,
				7E962F211F56C607007F8D82 /* ListView.swift in Sources */,
				7E82C5781F5EB6120031B8E0 /* APIDemoView.swift in Sources */,
				7E962F441F56CFA1007F8D82 /* Constants.swift in Sources */,
			);
			runOnlyForDeploymentPostprocessing = 0;
		};
		607FACE11AFB9204008FA782 /* Sources */ = {
			isa = PBXSourcesBuildPhase;
			buildActionMask = 2147483647;
			files = (
				607FACEC1AFB9204008FA782 /* Tests.swift in Sources */,
				7E387A501F599F7F00500813 /* Constants.swift in Sources */,
			);
			runOnlyForDeploymentPostprocessing = 0;
		};
/* End PBXSourcesBuildPhase section */

/* Begin PBXTargetDependency section */
		607FACE71AFB9204008FA782 /* PBXTargetDependency */ = {
			isa = PBXTargetDependency;
			target = 607FACCF1AFB9204008FA782 /* SwiftyBase_Example */;
			targetProxy = 607FACE61AFB9204008FA782 /* PBXContainerItemProxy */;
		};
/* End PBXTargetDependency section */

/* Begin PBXVariantGroup section */
		607FACD91AFB9204008FA782 /* Main.storyboard */ = {
			isa = PBXVariantGroup;
			children = (
				607FACDA1AFB9204008FA782 /* Base */,
			);
			name = Main.storyboard;
			sourceTree = "<group>";
		};
		607FACDE1AFB9204008FA782 /* LaunchScreen.xib */ = {
			isa = PBXVariantGroup;
			children = (
				607FACDF1AFB9204008FA782 /* Base */,
			);
			name = LaunchScreen.xib;
			sourceTree = "<group>";
		};
/* End PBXVariantGroup section */

/* Begin XCBuildConfiguration section */
		607FACED1AFB9204008FA782 /* Debug */ = {
			isa = XCBuildConfiguration;
			buildSettings = {
				ALWAYS_SEARCH_USER_PATHS = NO;
				CLANG_CXX_LANGUAGE_STANDARD = "gnu++0x";
				CLANG_CXX_LIBRARY = "libc++";
				CLANG_ENABLE_MODULES = YES;
				CLANG_ENABLE_OBJC_ARC = YES;
				CLANG_WARN_BOOL_CONVERSION = YES;
				CLANG_WARN_CONSTANT_CONVERSION = YES;
				CLANG_WARN_DIRECT_OBJC_ISA_USAGE = YES_ERROR;
				CLANG_WARN_EMPTY_BODY = YES;
				CLANG_WARN_ENUM_CONVERSION = YES;
				CLANG_WARN_INFINITE_RECURSION = YES;
				CLANG_WARN_INT_CONVERSION = YES;
				CLANG_WARN_OBJC_ROOT_CLASS = YES_ERROR;
				CLANG_WARN_SUSPICIOUS_MOVE = YES;
				CLANG_WARN_UNREACHABLE_CODE = YES;
				CLANG_WARN__DUPLICATE_METHOD_MATCH = YES;
				"CODE_SIGN_IDENTITY[sdk=iphoneos*]" = "iPhone Developer";
				COPY_PHASE_STRIP = NO;
				DEBUG_INFORMATION_FORMAT = "dwarf-with-dsym";
				ENABLE_STRICT_OBJC_MSGSEND = YES;
				ENABLE_TESTABILITY = YES;
				GCC_C_LANGUAGE_STANDARD = gnu99;
				GCC_DYNAMIC_NO_PIC = NO;
				GCC_NO_COMMON_BLOCKS = YES;
				GCC_OPTIMIZATION_LEVEL = 0;
				GCC_PREPROCESSOR_DEFINITIONS = (
					"DEBUG=1",
					"$(inherited)",
				);
				GCC_SYMBOLS_PRIVATE_EXTERN = NO;
				GCC_WARN_64_TO_32_BIT_CONVERSION = YES;
				GCC_WARN_ABOUT_RETURN_TYPE = YES_ERROR;
				GCC_WARN_UNDECLARED_SELECTOR = YES;
				GCC_WARN_UNINITIALIZED_AUTOS = YES_AGGRESSIVE;
				GCC_WARN_UNUSED_FUNCTION = YES;
				GCC_WARN_UNUSED_VARIABLE = YES;
				IPHONEOS_DEPLOYMENT_TARGET = 9.1;
				MTL_ENABLE_DEBUG_INFO = YES;
				ONLY_ACTIVE_ARCH = YES;
				SDKROOT = iphoneos;
				SWIFT_OPTIMIZATION_LEVEL = "-Onone";
			};
			name = Debug;
		};
		607FACEE1AFB9204008FA782 /* Release */ = {
			isa = XCBuildConfiguration;
			buildSettings = {
				ALWAYS_SEARCH_USER_PATHS = NO;
				CLANG_CXX_LANGUAGE_STANDARD = "gnu++0x";
				CLANG_CXX_LIBRARY = "libc++";
				CLANG_ENABLE_MODULES = YES;
				CLANG_ENABLE_OBJC_ARC = YES;
				CLANG_WARN_BOOL_CONVERSION = YES;
				CLANG_WARN_CONSTANT_CONVERSION = YES;
				CLANG_WARN_DIRECT_OBJC_ISA_USAGE = YES_ERROR;
				CLANG_WARN_EMPTY_BODY = YES;
				CLANG_WARN_ENUM_CONVERSION = YES;
				CLANG_WARN_INFINITE_RECURSION = YES;
				CLANG_WARN_INT_CONVERSION = YES;
				CLANG_WARN_OBJC_ROOT_CLASS = YES_ERROR;
				CLANG_WARN_SUSPICIOUS_MOVE = YES;
				CLANG_WARN_UNREACHABLE_CODE = YES;
				CLANG_WARN__DUPLICATE_METHOD_MATCH = YES;
				"CODE_SIGN_IDENTITY[sdk=iphoneos*]" = "iPhone Developer";
				COPY_PHASE_STRIP = NO;
				DEBUG_INFORMATION_FORMAT = "dwarf-with-dsym";
				ENABLE_NS_ASSERTIONS = NO;
				ENABLE_STRICT_OBJC_MSGSEND = YES;
				GCC_C_LANGUAGE_STANDARD = gnu99;
				GCC_NO_COMMON_BLOCKS = YES;
				GCC_WARN_64_TO_32_BIT_CONVERSION = YES;
				GCC_WARN_ABOUT_RETURN_TYPE = YES_ERROR;
				GCC_WARN_UNDECLARED_SELECTOR = YES;
				GCC_WARN_UNINITIALIZED_AUTOS = YES_AGGRESSIVE;
				GCC_WARN_UNUSED_FUNCTION = YES;
				GCC_WARN_UNUSED_VARIABLE = YES;
				IPHONEOS_DEPLOYMENT_TARGET = 9.1;
				MTL_ENABLE_DEBUG_INFO = NO;
				SDKROOT = iphoneos;
				SWIFT_OPTIMIZATION_LEVEL = "-Owholemodule";
				VALIDATE_PRODUCT = YES;
			};
			name = Release;
		};
		607FACF01AFB9204008FA782 /* Debug */ = {
			isa = XCBuildConfiguration;
			baseConfigurationReference = 113CA744FA3D253110F1FADB /* Pods-SwiftyBase_Example.debug.xcconfig */;
			buildSettings = {
				ASSETCATALOG_COMPILER_APPICON_NAME = AppIcon;
				FRAMEWORK_SEARCH_PATHS = (
					"$(inherited)",
					"$(PROJECT_DIR)",
				);
				INFOPLIST_FILE = SwiftyBase/Info.plist;
				IPHONEOS_DEPLOYMENT_TARGET = 9.1;
				LD_RUNPATH_SEARCH_PATHS = "$(inherited) @executable_path/Frameworks";
				MODULE_NAME = ExampleApp;
				PRODUCT_BUNDLE_IDENTIFIER = "org.cocoapods.demo.$(PRODUCT_NAME:rfc1034identifier)";
				PRODUCT_NAME = "$(TARGET_NAME)";
				SWIFT_OBJC_BRIDGING_HEADER = "Bridging-Header.h";
				SWIFT_VERSION = 3.0;
			};
			name = Debug;
		};
		607FACF11AFB9204008FA782 /* Release */ = {
			isa = XCBuildConfiguration;
			baseConfigurationReference = 392634DB980F2221D76833D8 /* Pods-SwiftyBase_Example.release.xcconfig */;
			buildSettings = {
				ASSETCATALOG_COMPILER_APPICON_NAME = AppIcon;
				FRAMEWORK_SEARCH_PATHS = (
					"$(inherited)",
					"$(PROJECT_DIR)",
				);
				INFOPLIST_FILE = SwiftyBase/Info.plist;
				IPHONEOS_DEPLOYMENT_TARGET = 9.1;
				LD_RUNPATH_SEARCH_PATHS = "$(inherited) @executable_path/Frameworks";
				MODULE_NAME = ExampleApp;
				PRODUCT_BUNDLE_IDENTIFIER = "org.cocoapods.demo.$(PRODUCT_NAME:rfc1034identifier)";
				PRODUCT_NAME = "$(TARGET_NAME)";
				SWIFT_OBJC_BRIDGING_HEADER = "Bridging-Header.h";
				SWIFT_VERSION = 3.0;
			};
			name = Release;
		};
		607FACF31AFB9204008FA782 /* Debug */ = {
			isa = XCBuildConfiguration;
			baseConfigurationReference = 973E5198C101E605490AAB32 /* Pods-SwiftyBase_Tests.debug.xcconfig */;
			buildSettings = {
				FRAMEWORK_SEARCH_PATHS = (
					"$(SDKROOT)/Developer/Library/Frameworks",
					"$(inherited)",
				);
				GCC_PREPROCESSOR_DEFINITIONS = (
					"DEBUG=1",
					"$(inherited)",
				);
				INFOPLIST_FILE = Tests/Info.plist;
				LD_RUNPATH_SEARCH_PATHS = "$(inherited) @executable_path/Frameworks @loader_path/Frameworks";
				PRODUCT_BUNDLE_IDENTIFIER = "org.cocoapods.$(PRODUCT_NAME:rfc1034identifier)";
				PRODUCT_NAME = "$(TARGET_NAME)";
				SWIFT_VERSION = 3.0;
				TEST_HOST = "$(BUILT_PRODUCTS_DIR)/SwiftyBase_Example.app/SwiftyBase_Example";
			};
			name = Debug;
		};
		607FACF41AFB9204008FA782 /* Release */ = {
			isa = XCBuildConfiguration;
			baseConfigurationReference = 7431382FB02A341941296E40 /* Pods-SwiftyBase_Tests.release.xcconfig */;
			buildSettings = {
				FRAMEWORK_SEARCH_PATHS = (
					"$(SDKROOT)/Developer/Library/Frameworks",
					"$(inherited)",
				);
				INFOPLIST_FILE = Tests/Info.plist;
				LD_RUNPATH_SEARCH_PATHS = "$(inherited) @executable_path/Frameworks @loader_path/Frameworks";
				PRODUCT_BUNDLE_IDENTIFIER = "org.cocoapods.$(PRODUCT_NAME:rfc1034identifier)";
				PRODUCT_NAME = "$(TARGET_NAME)";
				SWIFT_VERSION = 3.0;
				TEST_HOST = "$(BUILT_PRODUCTS_DIR)/SwiftyBase_Example.app/SwiftyBase_Example";
			};
			name = Release;
		};
/* End XCBuildConfiguration section */

/* Begin XCConfigurationList section */
		607FACCB1AFB9204008FA782 /* Build configuration list for PBXProject "SwiftyBase" */ = {
			isa = XCConfigurationList;
			buildConfigurations = (
				607FACED1AFB9204008FA782 /* Debug */,
				607FACEE1AFB9204008FA782 /* Release */,
			);
			defaultConfigurationIsVisible = 0;
			defaultConfigurationName = Release;
		};
		607FACEF1AFB9204008FA782 /* Build configuration list for PBXNativeTarget "SwiftyBase_Example" */ = {
			isa = XCConfigurationList;
			buildConfigurations = (
				607FACF01AFB9204008FA782 /* Debug */,
				607FACF11AFB9204008FA782 /* Release */,
			);
			defaultConfigurationIsVisible = 0;
			defaultConfigurationName = Release;
		};
		607FACF21AFB9204008FA782 /* Build configuration list for PBXNativeTarget "SwiftyBase_Tests" */ = {
			isa = XCConfigurationList;
			buildConfigurations = (
				607FACF31AFB9204008FA782 /* Debug */,
				607FACF41AFB9204008FA782 /* Release */,
			);
			defaultConfigurationIsVisible = 0;
			defaultConfigurationName = Release;
		};
/* End XCConfigurationList section */
	};
	rootObject = 607FACC81AFB9204008FA782 /* Project object */;
}
